
Microsoft Visual Studio Solution File, Format Version 12.00
# Visual Studio Version 17
VisualStudioVersion = 17.14.36717.8 d17.14
MinimumVisualStudioVersion = 10.0.40219.1
Project("{FAE04EC0-301F-11D3-BF4B-00C04F79EFBC}") = "HouseAutomationDFA", "HouseAutomationDFA\HouseAutomationDFA.csproj", "{6F3A0767-0725-4574-A2AB-8D9B468E4D5D}"
EndProject
Global
	GlobalSection(SolutionConfigurationPlatforms) = preSolution
		Debug|Any CPU = Debug|Any CPU
		Release|Any CPU = Release|Any CPU
	EndGlobalSection
	GlobalSection(ProjectConfigurationPlatforms) = postSolution
		{6F3A0767-0725-4574-A2AB-8D9B468E4D5D}.Debug|Any CPU.ActiveCfg = Debug|Any CPU
		{6F3A0767-0725-4574-A2AB-8D9B468E4D5D}.Debug|Any CPU.Build.0 = Debug|Any CPU
		{6F3A0767-0725-4574-A2AB-8D9B468E4D5D}.Release|Any CPU.ActiveCfg = Release|Any CPU
		{6F3A0767-0725-4574-A2AB-8D9B468E4D5D}.Release|Any CPU.Build.0 = Release|Any CPU
	EndGlobalSection
	GlobalSection(SolutionProperties) = preSolution
		HideSolutionNode = FALSE
	EndGlobalSection
	GlobalSection(ExtensibilityGlobals) = postSolution
		SolutionGuid = {CF56E072-15DC-42BA-8B5E-A1144B218D0D}
	EndGlobalSection
EndGlobal
